
Microsoft Visual Studio Solution File, Format Version 12.00
# Visual Studio Version 16
VisualStudioVersion = 16.0.31613.86
MinimumVisualStudioVersion = 10.0.40219.1
Project("{FAE04EC0-301F-11D3-BF4B-00C04F79EFBC}") = "ShootingGallery", "ShootingGallery.csproj", "{03ECD7C5-5759-411F-BD1B-E6E5D2E9BD97}"
EndProject
Global
	GlobalSection(SolutionConfigurationPlatforms) = preSolution
		Debug|Any CPU = Debug|Any CPU
		Release|Any CPU = Release|Any CPU
	EndGlobalSection
	GlobalSection(ProjectConfigurationPlatforms) = postSolution
		{03ECD7C5-5759-411F-BD1B-E6E5D2E9BD97}.Debug|Any CPU.ActiveCfg = Debug|Any CPU
		{03ECD7C5-5759-411F-BD1B-E6E5D2E9BD97}.Debug|Any CPU.Build.0 = Debug|Any CPU
		{03ECD7C5-5759-411F-BD1B-E6E5D2E9BD97}.Release|Any CPU.ActiveCfg = Release|Any CPU
		{03ECD7C5-5759-411F-BD1B-E6E5D2E9BD97}.Release|Any CPU.Build.0 = Release|Any CPU
	EndGlobalSection
	GlobalSection(SolutionProperties) = preSolution
		HideSolutionNode = FALSE
	EndGlobalSection
	GlobalSection(ExtensibilityGlobals) = postSolution
		SolutionGuid = {5DC707B2-79C0-46D7-B9F9-C901C1D3707C}
	EndGlobalSection
EndGlobal
